
Microsoft Visual Studio Solution File, Format Version 12.00
# Visual Studio 2013
VisualStudioVersion = 12.0.31101.0
MinimumVisualStudioVersion = 10.0.40219.1
Project("{E24C65DC-7377-472B-9ABA-BC803B73C61A}") = "http://local.ariostoensemble.local", "http://local.ariostoensemble.local", "{62D7763D-3D4B-4675-8A9B-50F425A3E081}"
	ProjectSection(WebsiteProperties) = preProject
		UseIISExpress = "false"
		TargetFrameworkMoniker = ".NETFramework,Version%3Dv2.0"
		Debug.AspNetCompiler.VirtualPath = "/local.ariostoensemble.local"
		Debug.AspNetCompiler.PhysicalPath = "D:\Source\ariosto-ensemble\"
		Debug.AspNetCompiler.TargetPath = "PrecompiledWeb\local.ariostoensemble.local\"
		Debug.AspNetCompiler.Updateable = "true"
		Debug.AspNetCompiler.ForceOverwrite = "true"
		Debug.AspNetCompiler.FixedNames = "false"
		Debug.AspNetCompiler.Debug = "True"
		Release.AspNetCompiler.VirtualPath = "/local.ariostoensemble.local"
		Release.AspNetCompiler.PhysicalPath = "D:\Source\ariosto-ensemble\"
		Release.AspNetCompiler.TargetPath = "PrecompiledWeb\local.ariostoensemble.local\"
		Release.AspNetCompiler.Updateable = "true"
		Release.AspNetCompiler.ForceOverwrite = "true"
		Release.AspNetCompiler.FixedNames = "false"
		Release.AspNetCompiler.Debug = "False"
		SlnRelativePath = "D:\Source\ariosto-ensemble\"
	EndProjectSection
EndProject
Global
	GlobalSection(SolutionConfigurationPlatforms) = preSolution
		Debug|Any CPU = Debug|Any CPU
	EndGlobalSection
	GlobalSection(ProjectConfigurationPlatforms) = postSolution
		{62D7763D-3D4B-4675-8A9B-50F425A3E081}.Debug|Any CPU.ActiveCfg = Debug|Any CPU
		{62D7763D-3D4B-4675-8A9B-50F425A3E081}.Debug|Any CPU.Build.0 = Debug|Any CPU
	EndGlobalSection
	GlobalSection(SolutionProperties) = preSolution
		HideSolutionNode = FALSE
	EndGlobalSection
EndGlobal
